
Microsoft Visual Studio Solution File, Format Version 12.00
# Visual Studio Version 17
VisualStudioVersion = 17.7.34031.279
MinimumVisualStudioVersion = 10.0.40219.1
Project("{FAE04EC0-301F-11D3-BF4B-00C04F79EFBC}") = "TicketEase", "TicketEase.csproj", "{53C58F49-9555-46DB-B738-E45CC28D9434}"
EndProject
Global
	GlobalSection(SolutionConfigurationPlatforms) = preSolution
		Debug|Any CPU = Debug|Any CPU
		Release|Any CPU = Release|Any CPU
	EndGlobalSection
	GlobalSection(ProjectConfigurationPlatforms) = postSolution
		{53C58F49-9555-46DB-B738-E45CC28D9434}.Debug|Any CPU.ActiveCfg = Debug|Any CPU
		{53C58F49-9555-46DB-B738-E45CC28D9434}.Debug|Any CPU.Build.0 = Debug|Any CPU
		{53C58F49-9555-46DB-B738-E45CC28D9434}.Release|Any CPU.ActiveCfg = Release|Any CPU
		{53C58F49-9555-46DB-B738-E45CC28D9434}.Release|Any CPU.Build.0 = Release|Any CPU
	EndGlobalSection
	GlobalSection(SolutionProperties) = preSolution
		HideSolutionNode = FALSE
	EndGlobalSection
	GlobalSection(ExtensibilityGlobals) = postSolution
		SolutionGuid = {136AB3A5-396A-4B94-83D3-0A3CB13CEAAB}
	EndGlobalSection
EndGlobal
